
Microsoft Visual Studio Solution File, Format Version 12.00
# Visual Studio Version 17
VisualStudioVersion = 17.3.32901.215
MinimumVisualStudioVersion = 10.0.40219.1
Project("{FAE04EC0-301F-11D3-BF4B-00C04F79EFBC}") = "PhysicalSystem.API", "PhysicalSystem.API\PhysicalSystem.API.csproj", "{FA648256-D69F-4947-881C-280ED5F6D181}"
EndProject
Project("{2150E333-8FDC-42A3-9474-1A3956D46DE8}") = "Core", "Core", "{CE6A3419-C947-4F43-BFB2-9E30754E05CD}"
EndProject
Project("{FAE04EC0-301F-11D3-BF4B-00C04F79EFBC}") = "PhysicalSystem.Application", "PhysicalSystem.Application\PhysicalSystem.Application.csproj", "{0FC5DE25-C16C-4D32-9ECC-F5BE393BB1C6}"
EndProject
Project("{FAE04EC0-301F-11D3-BF4B-00C04F79EFBC}") = "PhysicalSystem.Configuration", "PhysicalSystem.Configuration\PhysicalSystem.Configuration.csproj", "{4788375F-1BE0-431A-913F-91BA501248A7}"
EndProject
Global
	GlobalSection(SolutionConfigurationPlatforms) = preSolution
		Debug|Any CPU = Debug|Any CPU
		Release|Any CPU = Release|Any CPU
	EndGlobalSection
	GlobalSection(ProjectConfigurationPlatforms) = postSolution
		{FA648256-D69F-4947-881C-280ED5F6D181}.Debug|Any CPU.ActiveCfg = Debug|Any CPU
		{FA648256-D69F-4947-881C-280ED5F6D181}.Debug|Any CPU.Build.0 = Debug|Any CPU
		{FA648256-D69F-4947-881C-280ED5F6D181}.Release|Any CPU.ActiveCfg = Release|Any CPU
		{FA648256-D69F-4947-881C-280ED5F6D181}.Release|Any CPU.Build.0 = Release|Any CPU
		{0FC5DE25-C16C-4D32-9ECC-F5BE393BB1C6}.Debug|Any CPU.ActiveCfg = Debug|Any CPU
		{0FC5DE25-C16C-4D32-9ECC-F5BE393BB1C6}.Debug|Any CPU.Build.0 = Debug|Any CPU
		{0FC5DE25-C16C-4D32-9ECC-F5BE393BB1C6}.Release|Any CPU.ActiveCfg = Release|Any CPU
		{0FC5DE25-C16C-4D32-9ECC-F5BE393BB1C6}.Release|Any CPU.Build.0 = Release|Any CPU
		{4788375F-1BE0-431A-913F-91BA501248A7}.Debug|Any CPU.ActiveCfg = Debug|Any CPU
		{4788375F-1BE0-431A-913F-91BA501248A7}.Debug|Any CPU.Build.0 = Debug|Any CPU
		{4788375F-1BE0-431A-913F-91BA501248A7}.Release|Any CPU.ActiveCfg = Release|Any CPU
		{4788375F-1BE0-431A-913F-91BA501248A7}.Release|Any CPU.Build.0 = Release|Any CPU
	EndGlobalSection
	GlobalSection(SolutionProperties) = preSolution
		HideSolutionNode = FALSE
	EndGlobalSection
	GlobalSection(NestedProjects) = preSolution
		{0FC5DE25-C16C-4D32-9ECC-F5BE393BB1C6} = {CE6A3419-C947-4F43-BFB2-9E30754E05CD}
	EndGlobalSection
	GlobalSection(ExtensibilityGlobals) = postSolution
		SolutionGuid = {70C7D7C4-6CAD-44D0-AA79-9A14BA44795A}
	EndGlobalSection
EndGlobal
